{
  "name": "artbox_server",
  "version": "1.0.0",
  "lockfileVersion": 2,
  "requires": true,
  "packages": {
    "": {
      "name": "artbox_server",
      "version": "1.0.0",
      "dependencies": {
        "@types/windows-1251": "^0.1.19",
        "artbox_db": "file:../db",
        "axios": "^0.26.0",
        "encoding": "^0.1.12",
        "iconv": "^3.0.1",
        "txml": "5.1.1",
        "uuid": "^8.3.2",
        "windows-1251": "^3.0.3",
        "xml-escape": "^1.1.0"
      },
      "devDependencies": {
        "@types/iconv": "^3.0.0",
        "@types/node": "^13.13.4",
        "@types/uuid": "^8.3.3",
        "@types/xml-escape": "^1.1.0",
        "typescript": "^4.5.3"
      }
    },
    "../db": {
      "name": "artbox_db",
      "version": "1.0.0",
      "license": "ISC",
      "dependencies": {
        "@prisma/client": "^3.7.0",
        "@types/pg": "^8.6.4",
        "pg": "^8.7.1"
      },
      "devDependencies": {
        "@types/node": "^13.13.4",
        "prisma": "^3.7.0",
        "typescript": "^4.5.3"
      }
    },
    "node_modules/@types/iconv": {
      "version": "3.0.0",
      "resolved": "https://registry.npmjs.org/@types/iconv/-/iconv-3.0.0.tgz",
      "integrity": "sha512-A5P3RkD43HFJpF10SKPZN1eYXjIqeHHgtI/xK8zt/m6HDWe70LBcO3Uw+VHI5lfidgY1DBYn6NMZ4xvsKMd+MQ==",
      "dev": true,
      "dependencies": {
        "@types/node": "*"
      }
    },
    "node_modules/@types/node": {
      "version": "13.13.52",
      "resolved": "https://registry.npmjs.org/@types/node/-/node-13.13.52.tgz",
      "integrity": "sha512-s3nugnZumCC//n4moGGe6tkNMyYEdaDBitVjwPxXmR5lnMG5dHePinH2EdxkG3Rh1ghFHHixAG4NJhpJW1rthQ==",
      "dev": true
    },
    "node_modules/@types/uuid": {
      "version": "8.3.3",
      "resolved": "https://registry.npmjs.org/@types/uuid/-/uuid-8.3.3.tgz",
      "integrity": "sha512-0LbEEx1zxrYB3pgpd1M5lEhLcXjKJnYghvhTRgaBeUivLHMDM1TzF3IJ6hXU2+8uA4Xz+5BA63mtZo5DjVT8iA==",
      "dev": true
    },
    "node_modules/@types/windows-1251": {
      "version": "0.1.19",
      "resolved": "https://registry.npmjs.org/@types/windows-1251/-/windows-1251-0.1.19.tgz",
      "integrity": "sha512-BXXzfF8BdfXE0DT2DqBR5RP9NJ1x5e0kw/ujU/7KNzpASz/K35bnZ0PztDQdZx/OpK7Qy5gdh3zKf6XruyoY/Q=="
    },
    "node_modules/@types/xml-escape": {
      "version": "1.1.0",
      "resolved": "https://registry.npmjs.org/@types/xml-escape/-/xml-escape-1.1.0.tgz",
      "integrity": "sha512-N8/W8PkPrzkxPls5QMTA8TQrKgD456BarGG2XTJK3Ax2suCAyqUthbpfBccgpGTBhT7hNuGUSuJd4XlwSXlmuA==",
      "dev": true
    },
    "node_modules/artbox_db": {
      "resolved": "../db",
      "link": true
    },
    "node_modules/axios": {
      "version": "0.26.0",
      "resolved": "https://registry.npmjs.org/axios/-/axios-0.26.0.tgz",
      "integrity": "sha512-lKoGLMYtHvFrPVt3r+RBMp9nh34N0M8zEfCWqdWZx6phynIEhQqAdydpyBAAG211zlhX9Rgu08cOamy6XjE5Og==",
      "dependencies": {
        "follow-redirects": "^1.14.8"
      }
    },
    "node_modules/encoding": {
      "version": "0.1.13",
      "resolved": "https://registry.npmjs.org/encoding/-/encoding-0.1.13.tgz",
      "integrity": "sha512-ETBauow1T35Y/WZMkio9jiM0Z5xjHHmJ4XmjZOq1l/dXz3lr2sRn87nJy20RupqSh1F2m3HHPSp8ShIPQJrJ3A==",
      "dependencies": {
        "iconv-lite": "^0.6.2"
      }
    },
    "node_modules/follow-redirects": {
      "version": "1.14.9",
      "resolved": "https://registry.npmjs.org/follow-redirects/-/follow-redirects-1.14.9.tgz",
      "integrity": "sha512-MQDfihBQYMcyy5dhRDJUHcw7lb2Pv/TuE6xP1vyraLukNDHKbDxDNaOE3NbCAdKQApno+GPRyo1YAp89yCjK4w==",
      "funding": [
        {
          "type": "individual",
          "url": "https://github.com/sponsors/RubenVerborgh"
        }
      ],
      "engines": {
        "node": ">=4.0"
      },
      "peerDependenciesMeta": {
        "debug": {
          "optional": true
        }
      }
    },
    "node_modules/iconv": {
      "version": "3.0.1",
      "resolved": "https://registry.npmjs.org/iconv/-/iconv-3.0.1.tgz",
      "integrity": "sha512-lJnFLxVc0d82R7GfU7a9RujKVUQ3Eee19tPKWZWBJtAEGRHVEyFzCtbNl3GPKuDnHBBRT4/nDS4Ru9AIDT72qA==",
      "hasInstallScript": true,
      "engines": {
        "node": ">=10.0.0"
      }
    },
    "node_modules/iconv-lite": {
      "version": "0.6.3",
      "resolved": "https://registry.npmjs.org/iconv-lite/-/iconv-lite-0.6.3.tgz",
      "integrity": "sha512-4fCk79wshMdzMp2rH06qWrJE4iolqLhCUH+OiuIgU++RB0+94NlDL81atO7GX55uUKueo0txHNtvEyI6D7WdMw==",
      "dependencies": {
        "safer-buffer": ">= 2.1.2 < 3.0.0"
      },
      "engines": {
        "node": ">=0.10.0"
      }
    },
    "node_modules/inherits": {
      "version": "2.0.4",
      "resolved": "https://registry.npmjs.org/inherits/-/inherits-2.0.4.tgz",
      "integrity": "sha512-k/vGaX4/Yla3WzyMCvTQOXYeIHvqOKtnqBduzTHpzpQZzAskKMhZ2K+EnBiSM9zGSoIFeMpXKxa4dYeZIQqewQ=="
    },
    "node_modules/readable-stream": {
      "version": "3.6.0",
      "resolved": "https://registry.npmjs.org/readable-stream/-/readable-stream-3.6.0.tgz",
      "integrity": "sha512-BViHy7LKeTz4oNnkcLJ+lVSL6vpiFeX6/d3oSH8zCW7UxP2onchk+vTGB143xuFjHS3deTgkKoXXymXqymiIdA==",
      "dependencies": {
        "inherits": "^2.0.3",
        "string_decoder": "^1.1.1",
        "util-deprecate": "^1.0.1"
      },
      "engines": {
        "node": ">= 6"
      }
    },
    "node_modules/safe-buffer": {
      "version": "5.2.1",
      "resolved": "https://registry.npmjs.org/safe-buffer/-/safe-buffer-5.2.1.tgz",
      "integrity": "sha512-rp3So07KcdmmKbGvgaNxQSJr7bGVSVk5S9Eq1F+ppbRo70+YeaDxkw5Dd8NPN+GD6bjnYm2VuPuCXmpuYvmCXQ==",
      "funding": [
        {
          "type": "github",
          "url": "https://github.com/sponsors/feross"
        },
        {
          "type": "patreon",
          "url": "https://www.patreon.com/feross"
        },
        {
          "type": "consulting",
          "url": "https://feross.org/support"
        }
      ]
    },
    "node_modules/safer-buffer": {
      "version": "2.1.2",
      "resolved": "https://registry.npmjs.org/safer-buffer/-/safer-buffer-2.1.2.tgz",
      "integrity": "sha512-YZo3K82SD7Riyi0E1EQPojLz7kpepnSQI9IyPbHHg1XXXevb5dJI7tpyN2ADxGcQbHG7vcyRHk0cbwqcQriUtg=="
    },
    "node_modules/string_decoder": {
      "version": "1.3.0",
      "resolved": "https://registry.npmjs.org/string_decoder/-/string_decoder-1.3.0.tgz",
      "integrity": "sha512-hkRX8U1WjJFd8LsDJ2yQ/wWWxaopEsABU1XfkM8A+j0+85JAGppt16cr1Whg6KIbb4okU6Mql6BOj+uup/wKeA==",
      "dependencies": {
        "safe-buffer": "~5.2.0"
      }
    },
    "node_modules/through2": {
      "version": "3.0.2",
      "resolved": "https://registry.npmjs.org/through2/-/through2-3.0.2.tgz",
      "integrity": "sha512-enaDQ4MUyP2W6ZyT6EsMzqBPZaM/avg8iuo+l2d3QCs0J+6RaqkHV/2/lOwDTueBHeJ/2LG9lrLW3d5rWPucuQ==",
      "dependencies": {
        "inherits": "^2.0.4",
        "readable-stream": "2 || 3"
      }
    },
    "node_modules/txml": {
      "version": "5.1.1",
      "resolved": "https://registry.npmjs.org/txml/-/txml-5.1.1.tgz",
      "integrity": "sha512-TwMDLnXQ09enNaxybLVvKZU7rqog8LgnuAs4ZYXM0nV0eu10iLsSFwlX3AEknAXXtH1wT3CYfoiXAjyBexcmuw==",
      "dependencies": {
        "through2": "^3.0.1"
      }
    },
    "node_modules/typescript": {
      "version": "4.5.3",
      "resolved": "https://registry.npmjs.org/typescript/-/typescript-4.5.3.tgz",
      "integrity": "sha512-eVYaEHALSt+s9LbvgEv4Ef+Tdq7hBiIZgii12xXJnukryt3pMgJf6aKhoCZ3FWQsu6sydEnkg11fYXLzhLBjeQ==",
      "dev": true,
      "bin": {
        "tsc": "bin/tsc",
        "tsserver": "bin/tsserver"
      },
      "engines": {
        "node": ">=4.2.0"
      }
    },
    "node_modules/util-deprecate": {
      "version": "1.0.2",
      "resolved": "https://registry.npmjs.org/util-deprecate/-/util-deprecate-1.0.2.tgz",
      "integrity": "sha1-RQ1Nyfpw3nMnYvvS1KKJgUGaDM8="
    },
    "node_modules/uuid": {
      "version": "8.3.2",
      "resolved": "https://registry.npmjs.org/uuid/-/uuid-8.3.2.tgz",
      "integrity": "sha512-+NYs2QeMWy+GWFOEm9xnn6HCDp0l7QBD7ml8zLUmJ+93Q5NF0NocErnwkTkXVFNiX3/fpC6afS8Dhb/gz7R7eg==",
      "bin": {
        "uuid": "dist/bin/uuid"
      }
    },
    "node_modules/windows-1251": {
      "version": "3.0.4",
      "resolved": "https://registry.npmjs.org/windows-1251/-/windows-1251-3.0.4.tgz",
      "integrity": "sha512-H6W68MVertlR74xVuwa2pdQ1jR5qksk+oZX6QXFhL5OYj/ZZxViob8UyGLfXPwsCijuaV7NUYOYkK0oXSaWW5g=="
    },
    "node_modules/xml-escape": {
      "version": "1.1.0",
      "resolved": "https://registry.npmjs.org/xml-escape/-/xml-escape-1.1.0.tgz",
      "integrity": "sha1-OQTBQ/qOs6ADDsZG0pAqLxtwbEQ="
    }
  },
  "dependencies": {
    "@types/iconv": {
      "version": "3.0.0",
      "resolved": "https://registry.npmjs.org/@types/iconv/-/iconv-3.0.0.tgz",
      "integrity": "sha512-A5P3RkD43HFJpF10SKPZN1eYXjIqeHHgtI/xK8zt/m6HDWe70LBcO3Uw+VHI5lfidgY1DBYn6NMZ4xvsKMd+MQ==",
      "dev": true,
      "requires": {
        "@types/node": "*"
      }
    },
    "@types/node": {
      "version": "13.13.52",
      "resolved": "https://registry.npmjs.org/@types/node/-/node-13.13.52.tgz",
      "integrity": "sha512-s3nugnZumCC//n4moGGe6tkNMyYEdaDBitVjwPxXmR5lnMG5dHePinH2EdxkG3Rh1ghFHHixAG4NJhpJW1rthQ==",
      "dev": true
    },
    "@types/uuid": {
      "version": "8.3.3",
      "resolved": "https://registry.npmjs.org/@types/uuid/-/uuid-8.3.3.tgz",
      "integrity": "sha512-0LbEEx1zxrYB3pgpd1M5lEhLcXjKJnYghvhTRgaBeUivLHMDM1TzF3IJ6hXU2+8uA4Xz+5BA63mtZo5DjVT8iA==",
      "dev": true
    },
    "@types/windows-1251": {
      "version": "0.1.19",
      "resolved": "https://registry.npmjs.org/@types/windows-1251/-/windows-1251-0.1.19.tgz",
      "integrity": "sha512-BXXzfF8BdfXE0DT2DqBR5RP9NJ1x5e0kw/ujU/7KNzpASz/K35bnZ0PztDQdZx/OpK7Qy5gdh3zKf6XruyoY/Q=="
    },
    "@types/xml-escape": {
      "version": "1.1.0",
      "resolved": "https://registry.npmjs.org/@types/xml-escape/-/xml-escape-1.1.0.tgz",
      "integrity": "sha512-N8/W8PkPrzkxPls5QMTA8TQrKgD456BarGG2XTJK3Ax2suCAyqUthbpfBccgpGTBhT7hNuGUSuJd4XlwSXlmuA==",
      "dev": true
    },
    "artbox_db": {
      "version": "file:../db",
      "requires": {
        "@prisma/client": "^3.7.0",
        "@types/node": "^13.13.4",
        "@types/pg": "^8.6.4",
        "pg": "^8.7.1",
        "prisma": "^3.7.0",
        "typescript": "^4.5.3"
      }
    },
    "axios": {
      "version": "0.26.0",
      "resolved": "https://registry.npmjs.org/axios/-/axios-0.26.0.tgz",
      "integrity": "sha512-lKoGLMYtHvFrPVt3r+RBMp9nh34N0M8zEfCWqdWZx6phynIEhQqAdydpyBAAG211zlhX9Rgu08cOamy6XjE5Og==",
      "requires": {
        "follow-redirects": "^1.14.8"
      }
    },
    "encoding": {
      "version": "0.1.13",
      "resolved": "https://registry.npmjs.org/encoding/-/encoding-0.1.13.tgz",
      "integrity": "sha512-ETBauow1T35Y/WZMkio9jiM0Z5xjHHmJ4XmjZOq1l/dXz3lr2sRn87nJy20RupqSh1F2m3HHPSp8ShIPQJrJ3A==",
      "requires": {
        "iconv-lite": "^0.6.2"
      }
    },
    "follow-redirects": {
      "version": "1.14.9",
      "resolved": "https://registry.npmjs.org/follow-redirects/-/follow-redirects-1.14.9.tgz",
      "integrity": "sha512-MQDfihBQYMcyy5dhRDJUHcw7lb2Pv/TuE6xP1vyraLukNDHKbDxDNaOE3NbCAdKQApno+GPRyo1YAp89yCjK4w=="
    },
    "iconv": {
      "version": "3.0.1",
      "resolved": "https://registry.npmjs.org/iconv/-/iconv-3.0.1.tgz",
      "integrity": "sha512-lJnFLxVc0d82R7GfU7a9RujKVUQ3Eee19tPKWZWBJtAEGRHVEyFzCtbNl3GPKuDnHBBRT4/nDS4Ru9AIDT72qA=="
    },
    "iconv-lite": {
      "version": "0.6.3",
      "resolved": "https://registry.npmjs.org/iconv-lite/-/iconv-lite-0.6.3.tgz",
      "integrity": "sha512-4fCk79wshMdzMp2rH06qWrJE4iolqLhCUH+OiuIgU++RB0+94NlDL81atO7GX55uUKueo0txHNtvEyI6D7WdMw==",
      "requires": {
        "safer-buffer": ">= 2.1.2 < 3.0.0"
      }
    },
    "inherits": {
      "version": "2.0.4",
      "resolved": "https://registry.npmjs.org/inherits/-/inherits-2.0.4.tgz",
      "integrity": "sha512-k/vGaX4/Yla3WzyMCvTQOXYeIHvqOKtnqBduzTHpzpQZzAskKMhZ2K+EnBiSM9zGSoIFeMpXKxa4dYeZIQqewQ=="
    },
    "readable-stream": {
      "version": "3.6.0",
      "resolved": "https://registry.npmjs.org/readable-stream/-/readable-stream-3.6.0.tgz",
      "integrity": "sha512-BViHy7LKeTz4oNnkcLJ+lVSL6vpiFeX6/d3oSH8zCW7UxP2onchk+vTGB143xuFjHS3deTgkKoXXymXqymiIdA==",
      "requires": {
        "inherits": "^2.0.3",
        "string_decoder": "^1.1.1",
        "util-deprecate": "^1.0.1"
      }
    },
    "safe-buffer": {
      "version": "5.2.1",
      "resolved": "https://registry.npmjs.org/safe-buffer/-/safe-buffer-5.2.1.tgz",
      "integrity": "sha512-rp3So07KcdmmKbGvgaNxQSJr7bGVSVk5S9Eq1F+ppbRo70+YeaDxkw5Dd8NPN+GD6bjnYm2VuPuCXmpuYvmCXQ=="
    },
    "safer-buffer": {
      "version": "2.1.2",
      "resolved": "https://registry.npmjs.org/safer-buffer/-/safer-buffer-2.1.2.tgz",
      "integrity": "sha512-YZo3K82SD7Riyi0E1EQPojLz7kpepnSQI9IyPbHHg1XXXevb5dJI7tpyN2ADxGcQbHG7vcyRHk0cbwqcQriUtg=="
    },
    "string_decoder": {
      "version": "1.3.0",
      "resolved": "https://registry.npmjs.org/string_decoder/-/string_decoder-1.3.0.tgz",
      "integrity": "sha512-hkRX8U1WjJFd8LsDJ2yQ/wWWxaopEsABU1XfkM8A+j0+85JAGppt16cr1Whg6KIbb4okU6Mql6BOj+uup/wKeA==",
      "requires": {
        "safe-buffer": "~5.2.0"
      }
    },
    "through2": {
      "version": "3.0.2",
      "resolved": "https://registry.npmjs.org/through2/-/through2-3.0.2.tgz",
      "integrity": "sha512-enaDQ4MUyP2W6ZyT6EsMzqBPZaM/avg8iuo+l2d3QCs0J+6RaqkHV/2/lOwDTueBHeJ/2LG9lrLW3d5rWPucuQ==",
      "requires": {
        "inherits": "^2.0.4",
        "readable-stream": "2 || 3"
      }
    },
    "txml": {
      "version": "5.1.1",
      "resolved": "https://registry.npmjs.org/txml/-/txml-5.1.1.tgz",
      "integrity": "sha512-TwMDLnXQ09enNaxybLVvKZU7rqog8LgnuAs4ZYXM0nV0eu10iLsSFwlX3AEknAXXtH1wT3CYfoiXAjyBexcmuw==",
      "requires": {
        "through2": "^3.0.1"
      }
    },
    "typescript": {
      "version": "4.5.3",
      "resolved": "https://registry.npmjs.org/typescript/-/typescript-4.5.3.tgz",
      "integrity": "sha512-eVYaEHALSt+s9LbvgEv4Ef+Tdq7hBiIZgii12xXJnukryt3pMgJf6aKhoCZ3FWQsu6sydEnkg11fYXLzhLBjeQ==",
      "dev": true
    },
    "util-deprecate": {
      "version": "1.0.2",
      "resolved": "https://registry.npmjs.org/util-deprecate/-/util-deprecate-1.0.2.tgz",
      "integrity": "sha1-RQ1Nyfpw3nMnYvvS1KKJgUGaDM8="
    },
    "uuid": {
      "version": "8.3.2",
      "resolved": "https://registry.npmjs.org/uuid/-/uuid-8.3.2.tgz",
      "integrity": "sha512-+NYs2QeMWy+GWFOEm9xnn6HCDp0l7QBD7ml8zLUmJ+93Q5NF0NocErnwkTkXVFNiX3/fpC6afS8Dhb/gz7R7eg=="
    },
    "windows-1251": {
      "version": "3.0.4",
      "resolved": "https://registry.npmjs.org/windows-1251/-/windows-1251-3.0.4.tgz",
      "integrity": "sha512-H6W68MVertlR74xVuwa2pdQ1jR5qksk+oZX6QXFhL5OYj/ZZxViob8UyGLfXPwsCijuaV7NUYOYkK0oXSaWW5g=="
    },
    "xml-escape": {
      "version": "1.1.0",
      "resolved": "https://registry.npmjs.org/xml-escape/-/xml-escape-1.1.0.tgz",
      "integrity": "sha1-OQTBQ/qOs6ADDsZG0pAqLxtwbEQ="
    }
  }
}
